
Microsoft Visual Studio Solution File, Format Version 12.00
# Visual Studio 15
VisualStudioVersion = 15.0.28307.2092
MinimumVisualStudioVersion = 10.0.40219.1
Project("{FAE04EC0-301F-11D3-BF4B-00C04F79EFBC}") = "IntCalcs", "IntCalcs\IntCalcs.csproj", "{E083144C-D93F-4868-9450-235655D6F65F}"
EndProject
Project("{FAE04EC0-301F-11D3-BF4B-00C04F79EFBC}") = "FloatCalc", "FloatCalc\FloatCalc.csproj", "{92DD26CD-3EDA-49B7-811B-DB29362F3D87}"
EndProject
Project("{FAE04EC0-301F-11D3-BF4B-00C04F79EFBC}") = "MixCalc", "MixCalc\MixCalc.csproj", "{B0487CEB-AD18-43ED-9D8B-249231D73095}"
EndProject
Global
	GlobalSection(SolutionConfigurationPlatforms) = preSolution
		Debug|Any CPU = Debug|Any CPU
		Release|Any CPU = Release|Any CPU
	EndGlobalSection
	GlobalSection(ProjectConfigurationPlatforms) = postSolution
		{E083144C-D93F-4868-9450-235655D6F65F}.Debug|Any CPU.ActiveCfg = Debug|Any CPU
		{E083144C-D93F-4868-9450-235655D6F65F}.Debug|Any CPU.Build.0 = Debug|Any CPU
		{E083144C-D93F-4868-9450-235655D6F65F}.Release|Any CPU.ActiveCfg = Release|Any CPU
		{E083144C-D93F-4868-9450-235655D6F65F}.Release|Any CPU.Build.0 = Release|Any CPU
		{92DD26CD-3EDA-49B7-811B-DB29362F3D87}.Debug|Any CPU.ActiveCfg = Debug|Any CPU
		{92DD26CD-3EDA-49B7-811B-DB29362F3D87}.Debug|Any CPU.Build.0 = Debug|Any CPU
		{92DD26CD-3EDA-49B7-811B-DB29362F3D87}.Release|Any CPU.ActiveCfg = Release|Any CPU
		{92DD26CD-3EDA-49B7-811B-DB29362F3D87}.Release|Any CPU.Build.0 = Release|Any CPU
		{B0487CEB-AD18-43ED-9D8B-249231D73095}.Debug|Any CPU.ActiveCfg = Debug|Any CPU
		{B0487CEB-AD18-43ED-9D8B-249231D73095}.Debug|Any CPU.Build.0 = Debug|Any CPU
		{B0487CEB-AD18-43ED-9D8B-249231D73095}.Release|Any CPU.ActiveCfg = Release|Any CPU
		{B0487CEB-AD18-43ED-9D8B-249231D73095}.Release|Any CPU.Build.0 = Release|Any CPU
	EndGlobalSection
	GlobalSection(SolutionProperties) = preSolution
		HideSolutionNode = FALSE
	EndGlobalSection
	GlobalSection(ExtensibilityGlobals) = postSolution
		SolutionGuid = {3A60DD2C-E8B9-42AE-90FF-BEC574DCF5CA}
	EndGlobalSection
EndGlobal
