
Microsoft Visual Studio Solution File, Format Version 12.00
# Visual Studio 15
VisualStudioVersion = 15.0.28307.2092
MinimumVisualStudioVersion = 10.0.40219.1
Project("{FAE04EC0-301F-11D3-BF4B-00C04F79EFBC}") = "Logical", "Logical\Logical.csproj", "{54F3D95C-E232-4024-A812-039009E00097}"
EndProject
Project("{FAE04EC0-301F-11D3-BF4B-00C04F79EFBC}") = "OntarioG1Test", "OntarioG1Test\OntarioG1Test.csproj", "{1EFEDD38-F4F1-40CC-A754-4CE91ABF5D3D}"
EndProject
Global
	GlobalSection(SolutionConfigurationPlatforms) = preSolution
		Debug|Any CPU = Debug|Any CPU
		Release|Any CPU = Release|Any CPU
	EndGlobalSection
	GlobalSection(ProjectConfigurationPlatforms) = postSolution
		{54F3D95C-E232-4024-A812-039009E00097}.Debug|Any CPU.ActiveCfg = Debug|Any CPU
		{54F3D95C-E232-4024-A812-039009E00097}.Debug|Any CPU.Build.0 = Debug|Any CPU
		{54F3D95C-E232-4024-A812-039009E00097}.Release|Any CPU.ActiveCfg = Release|Any CPU
		{54F3D95C-E232-4024-A812-039009E00097}.Release|Any CPU.Build.0 = Release|Any CPU
		{1EFEDD38-F4F1-40CC-A754-4CE91ABF5D3D}.Debug|Any CPU.ActiveCfg = Debug|Any CPU
		{1EFEDD38-F4F1-40CC-A754-4CE91ABF5D3D}.Debug|Any CPU.Build.0 = Debug|Any CPU
		{1EFEDD38-F4F1-40CC-A754-4CE91ABF5D3D}.Release|Any CPU.ActiveCfg = Release|Any CPU
		{1EFEDD38-F4F1-40CC-A754-4CE91ABF5D3D}.Release|Any CPU.Build.0 = Release|Any CPU
	EndGlobalSection
	GlobalSection(SolutionProperties) = preSolution
		HideSolutionNode = FALSE
	EndGlobalSection
	GlobalSection(ExtensibilityGlobals) = postSolution
		SolutionGuid = {CB4FE73D-22C1-41A7-A9DC-0264C69EE29D}
	EndGlobalSection
EndGlobal
