
Microsoft Visual Studio Solution File, Format Version 12.00
# Visual Studio 15
VisualStudioVersion = 15.0.28307.2092
MinimumVisualStudioVersion = 10.0.40219.1
Project("{FAE04EC0-301F-11D3-BF4B-00C04F79EFBC}") = "MyFirstWindowsForm", "MyFirstWindowsForm\MyFirstWindowsForm.csproj", "{E0CD5C1F-7739-4DFE-A40D-160D3388C1D8}"
EndProject
Project("{FAE04EC0-301F-11D3-BF4B-00C04F79EFBC}") = "Marks", "Marks\Marks.csproj", "{BBA4AC9D-E064-4644-824A-D7328EEF0480}"
EndProject
Project("{FAE04EC0-301F-11D3-BF4B-00C04F79EFBC}") = "NumberCheck", "NumberCheck\NumberCheck.csproj", "{FB6B0AC9-1D83-416C-8060-D0C551B3F1BB}"
EndProject
Project("{FAE04EC0-301F-11D3-BF4B-00C04F79EFBC}") = "NumberSign", "NumberSign\NumberSign.csproj", "{4714F541-92B2-4FAF-AD31-EB00841CF53B}"
EndProject
Project("{FAE04EC0-301F-11D3-BF4B-00C04F79EFBC}") = "BMI", "BMI\BMI.csproj", "{39D2EF30-E5FC-4AF7-9E2E-156BC4D6EE4C}"
EndProject
Global
	GlobalSection(SolutionConfigurationPlatforms) = preSolution
		Debug|Any CPU = Debug|Any CPU
		Release|Any CPU = Release|Any CPU
	EndGlobalSection
	GlobalSection(ProjectConfigurationPlatforms) = postSolution
		{E0CD5C1F-7739-4DFE-A40D-160D3388C1D8}.Debug|Any CPU.ActiveCfg = Debug|Any CPU
		{E0CD5C1F-7739-4DFE-A40D-160D3388C1D8}.Debug|Any CPU.Build.0 = Debug|Any CPU
		{E0CD5C1F-7739-4DFE-A40D-160D3388C1D8}.Release|Any CPU.ActiveCfg = Release|Any CPU
		{E0CD5C1F-7739-4DFE-A40D-160D3388C1D8}.Release|Any CPU.Build.0 = Release|Any CPU
		{BBA4AC9D-E064-4644-824A-D7328EEF0480}.Debug|Any CPU.ActiveCfg = Debug|Any CPU
		{BBA4AC9D-E064-4644-824A-D7328EEF0480}.Debug|Any CPU.Build.0 = Debug|Any CPU
		{BBA4AC9D-E064-4644-824A-D7328EEF0480}.Release|Any CPU.ActiveCfg = Release|Any CPU
		{BBA4AC9D-E064-4644-824A-D7328EEF0480}.Release|Any CPU.Build.0 = Release|Any CPU
		{FB6B0AC9-1D83-416C-8060-D0C551B3F1BB}.Debug|Any CPU.ActiveCfg = Debug|Any CPU
		{FB6B0AC9-1D83-416C-8060-D0C551B3F1BB}.Debug|Any CPU.Build.0 = Debug|Any CPU
		{FB6B0AC9-1D83-416C-8060-D0C551B3F1BB}.Release|Any CPU.ActiveCfg = Release|Any CPU
		{FB6B0AC9-1D83-416C-8060-D0C551B3F1BB}.Release|Any CPU.Build.0 = Release|Any CPU
		{4714F541-92B2-4FAF-AD31-EB00841CF53B}.Debug|Any CPU.ActiveCfg = Debug|Any CPU
		{4714F541-92B2-4FAF-AD31-EB00841CF53B}.Debug|Any CPU.Build.0 = Debug|Any CPU
		{4714F541-92B2-4FAF-AD31-EB00841CF53B}.Release|Any CPU.ActiveCfg = Release|Any CPU
		{4714F541-92B2-4FAF-AD31-EB00841CF53B}.Release|Any CPU.Build.0 = Release|Any CPU
		{39D2EF30-E5FC-4AF7-9E2E-156BC4D6EE4C}.Debug|Any CPU.ActiveCfg = Debug|Any CPU
		{39D2EF30-E5FC-4AF7-9E2E-156BC4D6EE4C}.Debug|Any CPU.Build.0 = Debug|Any CPU
		{39D2EF30-E5FC-4AF7-9E2E-156BC4D6EE4C}.Release|Any CPU.ActiveCfg = Release|Any CPU
		{39D2EF30-E5FC-4AF7-9E2E-156BC4D6EE4C}.Release|Any CPU.Build.0 = Release|Any CPU
	EndGlobalSection
	GlobalSection(SolutionProperties) = preSolution
		HideSolutionNode = FALSE
	EndGlobalSection
	GlobalSection(ExtensibilityGlobals) = postSolution
		SolutionGuid = {D747E9A0-4C97-47CD-9BBB-D36260E4AEF9}
	EndGlobalSection
EndGlobal
