
Microsoft Visual Studio Solution File, Format Version 12.00
# Visual Studio 15
VisualStudioVersion = 15.0.28307.2092
MinimumVisualStudioVersion = 10.0.40219.1
Project("{FAE04EC0-301F-11D3-BF4B-00C04F79EFBC}") = "LoopSum", "LoopSum\LoopSum.csproj", "{184129F4-8FF1-4BED-BB66-3C3B3C4DDDA9}"
EndProject
Project("{FAE04EC0-301F-11D3-BF4B-00C04F79EFBC}") = "SummerPay", "SummerPay\SummerPay.csproj", "{0CF84058-D8BD-404F-86FF-3E087DD89B76}"
EndProject
Global
	GlobalSection(SolutionConfigurationPlatforms) = preSolution
		Debug|Any CPU = Debug|Any CPU
		Release|Any CPU = Release|Any CPU
	EndGlobalSection
	GlobalSection(ProjectConfigurationPlatforms) = postSolution
		{184129F4-8FF1-4BED-BB66-3C3B3C4DDDA9}.Debug|Any CPU.ActiveCfg = Debug|Any CPU
		{184129F4-8FF1-4BED-BB66-3C3B3C4DDDA9}.Debug|Any CPU.Build.0 = Debug|Any CPU
		{184129F4-8FF1-4BED-BB66-3C3B3C4DDDA9}.Release|Any CPU.ActiveCfg = Release|Any CPU
		{184129F4-8FF1-4BED-BB66-3C3B3C4DDDA9}.Release|Any CPU.Build.0 = Release|Any CPU
		{0CF84058-D8BD-404F-86FF-3E087DD89B76}.Debug|Any CPU.ActiveCfg = Debug|Any CPU
		{0CF84058-D8BD-404F-86FF-3E087DD89B76}.Debug|Any CPU.Build.0 = Debug|Any CPU
		{0CF84058-D8BD-404F-86FF-3E087DD89B76}.Release|Any CPU.ActiveCfg = Release|Any CPU
		{0CF84058-D8BD-404F-86FF-3E087DD89B76}.Release|Any CPU.Build.0 = Release|Any CPU
	EndGlobalSection
	GlobalSection(SolutionProperties) = preSolution
		HideSolutionNode = FALSE
	EndGlobalSection
	GlobalSection(ExtensibilityGlobals) = postSolution
		SolutionGuid = {FECAB4C8-24D7-42AC-B2CE-3D4170ECFC76}
	EndGlobalSection
EndGlobal
